
Microsoft Visual Studio Solution File, Format Version 12.00
# Visual Studio Version 16
VisualStudioVersion = 16.0.31025.194
MinimumVisualStudioVersion = 10.0.40219.1
Project("{FAE04EC0-301F-11D3-BF4B-00C04F79EFBC}") = "WEBAPITOKENAUTHENTICATION", "WEBAPITOKENAUTHENTICATION\WEBAPITOKENAUTHENTICATION.csproj", "{6F9B371B-16FA-45F5-87CE-5F30EEE27D46}"
EndProject
Global
	GlobalSection(SolutionConfigurationPlatforms) = preSolution
		Debug|Any CPU = Debug|Any CPU
		Release|Any CPU = Release|Any CPU
	EndGlobalSection
	GlobalSection(ProjectConfigurationPlatforms) = postSolution
		{6F9B371B-16FA-45F5-87CE-5F30EEE27D46}.Debug|Any CPU.ActiveCfg = Debug|Any CPU
		{6F9B371B-16FA-45F5-87CE-5F30EEE27D46}.Debug|Any CPU.Build.0 = Debug|Any CPU
		{6F9B371B-16FA-45F5-87CE-5F30EEE27D46}.Release|Any CPU.ActiveCfg = Release|Any CPU
		{6F9B371B-16FA-45F5-87CE-5F30EEE27D46}.Release|Any CPU.Build.0 = Release|Any CPU
	EndGlobalSection
	GlobalSection(SolutionProperties) = preSolution
		HideSolutionNode = FALSE
	EndGlobalSection
	GlobalSection(ExtensibilityGlobals) = postSolution
		SolutionGuid = {BD3C2344-11B8-4178-A53E-84CE106E2A56}
	EndGlobalSection
EndGlobal
